# This file is generated by running "yarn install" inside your project.
# Manual changes might be lost - proceed with caution!

__metadata:
  version: 4
  cacheKey: 7

"react-uikit@workspace:.":
  version: 0.0.0-use.local
  resolution: "react-uikit@workspace:."
  dependencies:
    uikit: ^3.6.22
  languageName: unknown
  linkType: soft

"uikit@npm:^3.6.22":
  version: 3.6.22
  resolution: "uikit@npm:3.6.22"
  checksum: b46253f125f6af345832e3fae8c1cc5ae045bdb5f80e4523a25c0ac181bc58d65963269780f24b5e9f5c960acecbd732bd27f33bbd6221ecafed74a17339ef3b
  languageName: node
  linkType: hard
